
Microsoft Visual Studio Solution File, Format Version 12.00
# Visual Studio Version 17
VisualStudioVersion = 17.6.33829.357
MinimumVisualStudioVersion = 10.0.40219.1
Project("{9A19103F-16F7-4668-BE54-9A1E7A4F7556}") = "Core.Extensions.Azure", "src\Core.Extensions.Azure\Core.Extensions.Azure.csproj", "{576FA3E7-FA32-4C8B-8DAA-73A11E9CEEFC}"
EndProject
Project("{9A19103F-16F7-4668-BE54-9A1E7A4F7556}") = "Core.Extensions.Hosting", "src\Core.Extensions.Hosting\Core.Extensions.Hosting.csproj", "{B14954C4-2ABA-46B5-939D-2CD9084B5F1A}"
EndProject
Project("{9A19103F-16F7-4668-BE54-9A1E7A4F7556}") = "Core.Cloud.KeyManagement", "src\Core.Cloud.KeyManagement\Core.Cloud.KeyManagement.csproj", "{B4D23977-F59A-4A93-904E-61EF5F84674D}"
EndProject
Project("{9A19103F-16F7-4668-BE54-9A1E7A4F7556}") = "Core.Cloud.KeyManagement.Azure", "src\Core.Cloud.KeyManagement.Azure\Core.Cloud.KeyManagement.Azure.csproj", "{BCB98481-A760-443B-B421-5309593ECAFC}"
EndProject
Project("{9A19103F-16F7-4668-BE54-9A1E7A4F7556}") = "Core.Cloud.Storage", "src\Core.Cloud.Storage\Core.Cloud.Storage.csproj", "{D1A30057-E60C-4F18-BB5C-01F07794D0A6}"
EndProject
Project("{9A19103F-16F7-4668-BE54-9A1E7A4F7556}") = "Core.Cloud.Storage.Azure", "src\Core.Cloud.Storage.Azure\Core.Cloud.Storage.Azure.csproj", "{86517279-04C9-4D3C-A030-DEA95AE3378C}"
EndProject
Project("{9A19103F-16F7-4668-BE54-9A1E7A4F7556}") = "Core.Cloud.Storage.Azure.Tests", "test\Core.Cloud.Storage.Azure.Tests\Core.Cloud.Storage.Azure.Tests.csproj", "{A2489FF2-D3ED-483E-8139-08921BCD162B}"
EndProject
Project("{9A19103F-16F7-4668-BE54-9A1E7A4F7556}") = "Core.Logging", "src\Core.Logging\Core.Logging.csproj", "{A93EE41B-B3EF-4EFA-A014-6AA420CAF3EC}"
EndProject
Project("{9A19103F-16F7-4668-BE54-9A1E7A4F7556}") = "Core.Logging.Serilog", "src\Core.Logging.Serilog\Core.Logging.Serilog.csproj", "{2A296188-7320-4322-BE25-5560F6551167}"
EndProject
Project("{9A19103F-16F7-4668-BE54-9A1E7A4F7556}") = "Core.Hosting", "src\Core.Hosting\Core.Hosting.csproj", "{0F693BD4-7993-49BA-9770-E402F6FFD2D4}"
EndProject
Project("{2150E333-8FDC-42A3-9474-1A3956D46DE8}") = "src", "src", "{57363F2B-73C2-49EE-B4EA-AD7E39E2B109}"
EndProject
Project("{2150E333-8FDC-42A3-9474-1A3956D46DE8}") = "test", "test", "{5E28EE18-A641-49C3-A410-91FF5E30BFFA}"
EndProject
Project("{9A19103F-16F7-4668-BE54-9A1E7A4F7556}") = "Core.Cloud.Configurations.Azure.KeyVault", "src\Core.Cloud.Configurations.Azure.KeyVault\Core.Cloud.Configurations.Azure.KeyVault.csproj", "{32BEEEC5-2637-43B0-8522-6A92D0CE8873}"
EndProject
Project("{9A19103F-16F7-4668-BE54-9A1E7A4F7556}") = "Core.Cloud.Configurations.Azure.Storage", "src\Core.Cloud.Configurations.Azure.Storage\Core.Cloud.Configurations.Azure.Storage.csproj", "{FFB31EE2-101D-46FC-9DBF-23CAC1A29F48}"
EndProject
Project("{9A19103F-16F7-4668-BE54-9A1E7A4F7556}") = "Core.Cloud.Azure.Identity", "src\Core.Cloud.Azure.Identity\Core.Cloud.Azure.Identity.csproj", "{CD035685-48F3-4689-ACF3-5D696892043D}"
EndProject
Project("{9A19103F-16F7-4668-BE54-9A1E7A4F7556}") = "Core.Hosting.AspNetCore.Swagger", "src\Core.Hosting.AspNetCore.Swagger\Core.Hosting.AspNetCore.Swagger.csproj", "{4CE385A2-0078-4C20-9DF6-EBE799F4E628}"
EndProject
Project("{9A19103F-16F7-4668-BE54-9A1E7A4F7556}") = "Core.Hosting.AspNetCore.WebApi", "src\Core.Hosting.AspNetCore.WebApi\Core.Hosting.AspNetCore.WebApi.csproj", "{CBD1895F-94F8-4D38-A1D8-B15655C68084}"
EndProject
Project("{9A19103F-16F7-4668-BE54-9A1E7A4F7556}") = "Core.Hosting.AspNetCore.WebApi.Tests", "test\Core.Hosting.AspNetCore.WebApi.Tests\Core.Hosting.AspNetCore.WebApi.Tests.csproj", "{53209B0D-FD3D-4D7A-AB07-30A55A09FCE4}"
EndProject
Project("{9A19103F-16F7-4668-BE54-9A1E7A4F7556}") = "Core.Logging.AspNetCore.Serilog", "src\Core.Logging.AspNetCore.Serilog\Core.Logging.AspNetCore.Serilog.csproj", "{173342FE-06C9-43FE-B6F8-0C2BE252F9CD}"
EndProject
Project("{9A19103F-16F7-4668-BE54-9A1E7A4F7556}") = "Core.Extensions.Configuration", "src\Core.Extensions.Configuration\Core.Extensions.Configuration.csproj", "{53BEE4BD-AC63-4E8E-A6B2-CECA53D67945}"
EndProject
Global
	GlobalSection(SolutionConfigurationPlatforms) = preSolution
		Debug|Any CPU = Debug|Any CPU
		Release|Any CPU = Release|Any CPU
	EndGlobalSection
	GlobalSection(ProjectConfigurationPlatforms) = postSolution
		{576FA3E7-FA32-4C8B-8DAA-73A11E9CEEFC}.Debug|Any CPU.ActiveCfg = Debug|Any CPU
		{576FA3E7-FA32-4C8B-8DAA-73A11E9CEEFC}.Debug|Any CPU.Build.0 = Debug|Any CPU
		{576FA3E7-FA32-4C8B-8DAA-73A11E9CEEFC}.Release|Any CPU.ActiveCfg = Release|Any CPU
		{576FA3E7-FA32-4C8B-8DAA-73A11E9CEEFC}.Release|Any CPU.Build.0 = Release|Any CPU
		{B14954C4-2ABA-46B5-939D-2CD9084B5F1A}.Debug|Any CPU.ActiveCfg = Debug|Any CPU
		{B14954C4-2ABA-46B5-939D-2CD9084B5F1A}.Debug|Any CPU.Build.0 = Debug|Any CPU
		{B14954C4-2ABA-46B5-939D-2CD9084B5F1A}.Release|Any CPU.ActiveCfg = Release|Any CPU
		{B14954C4-2ABA-46B5-939D-2CD9084B5F1A}.Release|Any CPU.Build.0 = Release|Any CPU
		{B4D23977-F59A-4A93-904E-61EF5F84674D}.Debug|Any CPU.ActiveCfg = Debug|Any CPU
		{B4D23977-F59A-4A93-904E-61EF5F84674D}.Debug|Any CPU.Build.0 = Debug|Any CPU
		{B4D23977-F59A-4A93-904E-61EF5F84674D}.Release|Any CPU.ActiveCfg = Release|Any CPU
		{B4D23977-F59A-4A93-904E-61EF5F84674D}.Release|Any CPU.Build.0 = Release|Any CPU
		{BCB98481-A760-443B-B421-5309593ECAFC}.Debug|Any CPU.ActiveCfg = Debug|Any CPU
		{BCB98481-A760-443B-B421-5309593ECAFC}.Debug|Any CPU.Build.0 = Debug|Any CPU
		{BCB98481-A760-443B-B421-5309593ECAFC}.Release|Any CPU.ActiveCfg = Release|Any CPU
		{BCB98481-A760-443B-B421-5309593ECAFC}.Release|Any CPU.Build.0 = Release|Any CPU
		{D1A30057-E60C-4F18-BB5C-01F07794D0A6}.Debug|Any CPU.ActiveCfg = Debug|Any CPU
		{D1A30057-E60C-4F18-BB5C-01F07794D0A6}.Debug|Any CPU.Build.0 = Debug|Any CPU
		{D1A30057-E60C-4F18-BB5C-01F07794D0A6}.Release|Any CPU.ActiveCfg = Release|Any CPU
		{D1A30057-E60C-4F18-BB5C-01F07794D0A6}.Release|Any CPU.Build.0 = Release|Any CPU
		{86517279-04C9-4D3C-A030-DEA95AE3378C}.Debug|Any CPU.ActiveCfg = Debug|Any CPU
		{86517279-04C9-4D3C-A030-DEA95AE3378C}.Debug|Any CPU.Build.0 = Debug|Any CPU
		{86517279-04C9-4D3C-A030-DEA95AE3378C}.Release|Any CPU.ActiveCfg = Release|Any CPU
		{86517279-04C9-4D3C-A030-DEA95AE3378C}.Release|Any CPU.Build.0 = Release|Any CPU
		{A2489FF2-D3ED-483E-8139-08921BCD162B}.Debug|Any CPU.ActiveCfg = Debug|Any CPU
		{A2489FF2-D3ED-483E-8139-08921BCD162B}.Debug|Any CPU.Build.0 = Debug|Any CPU
		{A2489FF2-D3ED-483E-8139-08921BCD162B}.Release|Any CPU.ActiveCfg = Release|Any CPU
		{A2489FF2-D3ED-483E-8139-08921BCD162B}.Release|Any CPU.Build.0 = Release|Any CPU
		{A93EE41B-B3EF-4EFA-A014-6AA420CAF3EC}.Debug|Any CPU.ActiveCfg = Debug|Any CPU
		{A93EE41B-B3EF-4EFA-A014-6AA420CAF3EC}.Debug|Any CPU.Build.0 = Debug|Any CPU
		{A93EE41B-B3EF-4EFA-A014-6AA420CAF3EC}.Release|Any CPU.ActiveCfg = Release|Any CPU
		{A93EE41B-B3EF-4EFA-A014-6AA420CAF3EC}.Release|Any CPU.Build.0 = Release|Any CPU
		{2A296188-7320-4322-BE25-5560F6551167}.Debug|Any CPU.ActiveCfg = Debug|Any CPU
		{2A296188-7320-4322-BE25-5560F6551167}.Debug|Any CPU.Build.0 = Debug|Any CPU
		{2A296188-7320-4322-BE25-5560F6551167}.Release|Any CPU.ActiveCfg = Release|Any CPU
		{2A296188-7320-4322-BE25-5560F6551167}.Release|Any CPU.Build.0 = Release|Any CPU
		{0F693BD4-7993-49BA-9770-E402F6FFD2D4}.Debug|Any CPU.ActiveCfg = Debug|Any CPU
		{0F693BD4-7993-49BA-9770-E402F6FFD2D4}.Debug|Any CPU.Build.0 = Debug|Any CPU
		{0F693BD4-7993-49BA-9770-E402F6FFD2D4}.Release|Any CPU.ActiveCfg = Release|Any CPU
		{0F693BD4-7993-49BA-9770-E402F6FFD2D4}.Release|Any CPU.Build.0 = Release|Any CPU
		{32BEEEC5-2637-43B0-8522-6A92D0CE8873}.Debug|Any CPU.ActiveCfg = Debug|Any CPU
		{32BEEEC5-2637-43B0-8522-6A92D0CE8873}.Debug|Any CPU.Build.0 = Debug|Any CPU
		{32BEEEC5-2637-43B0-8522-6A92D0CE8873}.Release|Any CPU.ActiveCfg = Release|Any CPU
		{32BEEEC5-2637-43B0-8522-6A92D0CE8873}.Release|Any CPU.Build.0 = Release|Any CPU
		{FFB31EE2-101D-46FC-9DBF-23CAC1A29F48}.Debug|Any CPU.ActiveCfg = Debug|Any CPU
		{FFB31EE2-101D-46FC-9DBF-23CAC1A29F48}.Debug|Any CPU.Build.0 = Debug|Any CPU
		{FFB31EE2-101D-46FC-9DBF-23CAC1A29F48}.Release|Any CPU.ActiveCfg = Release|Any CPU
		{FFB31EE2-101D-46FC-9DBF-23CAC1A29F48}.Release|Any CPU.Build.0 = Release|Any CPU
		{CD035685-48F3-4689-ACF3-5D696892043D}.Debug|Any CPU.ActiveCfg = Debug|Any CPU
		{CD035685-48F3-4689-ACF3-5D696892043D}.Debug|Any CPU.Build.0 = Debug|Any CPU
		{CD035685-48F3-4689-ACF3-5D696892043D}.Release|Any CPU.ActiveCfg = Release|Any CPU
		{CD035685-48F3-4689-ACF3-5D696892043D}.Release|Any CPU.Build.0 = Release|Any CPU
		{4CE385A2-0078-4C20-9DF6-EBE799F4E628}.Debug|Any CPU.ActiveCfg = Debug|Any CPU
		{4CE385A2-0078-4C20-9DF6-EBE799F4E628}.Debug|Any CPU.Build.0 = Debug|Any CPU
		{4CE385A2-0078-4C20-9DF6-EBE799F4E628}.Release|Any CPU.ActiveCfg = Release|Any CPU
		{4CE385A2-0078-4C20-9DF6-EBE799F4E628}.Release|Any CPU.Build.0 = Release|Any CPU
		{CBD1895F-94F8-4D38-A1D8-B15655C68084}.Debug|Any CPU.ActiveCfg = Debug|Any CPU
		{CBD1895F-94F8-4D38-A1D8-B15655C68084}.Debug|Any CPU.Build.0 = Debug|Any CPU
		{CBD1895F-94F8-4D38-A1D8-B15655C68084}.Release|Any CPU.ActiveCfg = Release|Any CPU
		{CBD1895F-94F8-4D38-A1D8-B15655C68084}.Release|Any CPU.Build.0 = Release|Any CPU
		{53209B0D-FD3D-4D7A-AB07-30A55A09FCE4}.Debug|Any CPU.ActiveCfg = Debug|Any CPU
		{53209B0D-FD3D-4D7A-AB07-30A55A09FCE4}.Debug|Any CPU.Build.0 = Debug|Any CPU
		{53209B0D-FD3D-4D7A-AB07-30A55A09FCE4}.Release|Any CPU.ActiveCfg = Release|Any CPU
		{53209B0D-FD3D-4D7A-AB07-30A55A09FCE4}.Release|Any CPU.Build.0 = Release|Any CPU
		{173342FE-06C9-43FE-B6F8-0C2BE252F9CD}.Debug|Any CPU.ActiveCfg = Debug|Any CPU
		{173342FE-06C9-43FE-B6F8-0C2BE252F9CD}.Debug|Any CPU.Build.0 = Debug|Any CPU
		{173342FE-06C9-43FE-B6F8-0C2BE252F9CD}.Release|Any CPU.ActiveCfg = Release|Any CPU
		{173342FE-06C9-43FE-B6F8-0C2BE252F9CD}.Release|Any CPU.Build.0 = Release|Any CPU
		{53BEE4BD-AC63-4E8E-A6B2-CECA53D67945}.Debug|Any CPU.ActiveCfg = Debug|Any CPU
		{53BEE4BD-AC63-4E8E-A6B2-CECA53D67945}.Debug|Any CPU.Build.0 = Debug|Any CPU
		{53BEE4BD-AC63-4E8E-A6B2-CECA53D67945}.Release|Any CPU.ActiveCfg = Release|Any CPU
		{53BEE4BD-AC63-4E8E-A6B2-CECA53D67945}.Release|Any CPU.Build.0 = Release|Any CPU
	EndGlobalSection
	GlobalSection(SolutionProperties) = preSolution
		HideSolutionNode = FALSE
	EndGlobalSection
	GlobalSection(NestedProjects) = preSolution
		{576FA3E7-FA32-4C8B-8DAA-73A11E9CEEFC} = {57363F2B-73C2-49EE-B4EA-AD7E39E2B109}
		{B14954C4-2ABA-46B5-939D-2CD9084B5F1A} = {57363F2B-73C2-49EE-B4EA-AD7E39E2B109}
		{B4D23977-F59A-4A93-904E-61EF5F84674D} = {57363F2B-73C2-49EE-B4EA-AD7E39E2B109}
		{BCB98481-A760-443B-B421-5309593ECAFC} = {57363F2B-73C2-49EE-B4EA-AD7E39E2B109}
		{D1A30057-E60C-4F18-BB5C-01F07794D0A6} = {57363F2B-73C2-49EE-B4EA-AD7E39E2B109}
		{86517279-04C9-4D3C-A030-DEA95AE3378C} = {57363F2B-73C2-49EE-B4EA-AD7E39E2B109}
		{A2489FF2-D3ED-483E-8139-08921BCD162B} = {5E28EE18-A641-49C3-A410-91FF5E30BFFA}
		{A93EE41B-B3EF-4EFA-A014-6AA420CAF3EC} = {57363F2B-73C2-49EE-B4EA-AD7E39E2B109}
		{2A296188-7320-4322-BE25-5560F6551167} = {57363F2B-73C2-49EE-B4EA-AD7E39E2B109}
		{0F693BD4-7993-49BA-9770-E402F6FFD2D4} = {57363F2B-73C2-49EE-B4EA-AD7E39E2B109}
		{32BEEEC5-2637-43B0-8522-6A92D0CE8873} = {57363F2B-73C2-49EE-B4EA-AD7E39E2B109}
		{FFB31EE2-101D-46FC-9DBF-23CAC1A29F48} = {57363F2B-73C2-49EE-B4EA-AD7E39E2B109}
		{CD035685-48F3-4689-ACF3-5D696892043D} = {57363F2B-73C2-49EE-B4EA-AD7E39E2B109}
		{4CE385A2-0078-4C20-9DF6-EBE799F4E628} = {57363F2B-73C2-49EE-B4EA-AD7E39E2B109}
		{CBD1895F-94F8-4D38-A1D8-B15655C68084} = {57363F2B-73C2-49EE-B4EA-AD7E39E2B109}
		{53209B0D-FD3D-4D7A-AB07-30A55A09FCE4} = {5E28EE18-A641-49C3-A410-91FF5E30BFFA}
		{173342FE-06C9-43FE-B6F8-0C2BE252F9CD} = {57363F2B-73C2-49EE-B4EA-AD7E39E2B109}
		{53BEE4BD-AC63-4E8E-A6B2-CECA53D67945} = {57363F2B-73C2-49EE-B4EA-AD7E39E2B109}
	EndGlobalSection
	GlobalSection(ExtensibilityGlobals) = postSolution
		SolutionGuid = {1C6F6174-0B83-4690-B2DB-6D6E465B4D99}
	EndGlobalSection
EndGlobal
